
Microsoft Visual Studio Solution File, Format Version 12.00
# Visual Studio Version 16
VisualStudioVersion = 16.0.32413.511
MinimumVisualStudioVersion = 10.0.40219.1
Project("{FAE04EC0-301F-11D3-BF4B-00C04F79EFBC}") = "SQLite_internation", "SQLite_internation\SQLite_internation.csproj", "{B8C3FA4F-9769-47E7-9C17-485E6606DA67}"
EndProject
Global
	GlobalSection(SolutionConfigurationPlatforms) = preSolution
		Debug|Any CPU = Debug|Any CPU
		Release|Any CPU = Release|Any CPU
	EndGlobalSection
	GlobalSection(ProjectConfigurationPlatforms) = postSolution
		{B8C3FA4F-9769-47E7-9C17-485E6606DA67}.Debug|Any CPU.ActiveCfg = Debug|Any CPU
		{B8C3FA4F-9769-47E7-9C17-485E6606DA67}.Debug|Any CPU.Build.0 = Debug|Any CPU
		{B8C3FA4F-9769-47E7-9C17-485E6606DA67}.Release|Any CPU.ActiveCfg = Release|Any CPU
		{B8C3FA4F-9769-47E7-9C17-485E6606DA67}.Release|Any CPU.Build.0 = Release|Any CPU
	EndGlobalSection
	GlobalSection(SolutionProperties) = preSolution
		HideSolutionNode = FALSE
	EndGlobalSection
	GlobalSection(ExtensibilityGlobals) = postSolution
		SolutionGuid = {44B0B9B7-2A1A-4505-B108-78CD6BB535D6}
	EndGlobalSection
EndGlobal
